
Microsoft Visual Studio Solution File, Format Version 12.00
# Visual Studio 15
VisualStudioVersion = 15.0.26730.16
MinimumVisualStudioVersion = 10.0.40219.1
Project("{FAE04EC0-301F-11D3-BF4B-00C04F79EFBC}") = "Merge Sort", "Merge Sort\Merge Sort.csproj", "{AC7A6ACB-3A6E-4F9F-9EC4-3D15AAC468BE}"
EndProject
Global
	GlobalSection(SolutionConfigurationPlatforms) = preSolution
		Debug|Any CPU = Debug|Any CPU
		Release|Any CPU = Release|Any CPU
	EndGlobalSection
	GlobalSection(ProjectConfigurationPlatforms) = postSolution
		{AC7A6ACB-3A6E-4F9F-9EC4-3D15AAC468BE}.Debug|Any CPU.ActiveCfg = Debug|Any CPU
		{AC7A6ACB-3A6E-4F9F-9EC4-3D15AAC468BE}.Debug|Any CPU.Build.0 = Debug|Any CPU
		{AC7A6ACB-3A6E-4F9F-9EC4-3D15AAC468BE}.Release|Any CPU.ActiveCfg = Release|Any CPU
		{AC7A6ACB-3A6E-4F9F-9EC4-3D15AAC468BE}.Release|Any CPU.Build.0 = Release|Any CPU
	EndGlobalSection
	GlobalSection(SolutionProperties) = preSolution
		HideSolutionNode = FALSE
	EndGlobalSection
	GlobalSection(ExtensibilityGlobals) = postSolution
		SolutionGuid = {5FF9129F-71B7-480B-ABA5-8B4B87B33C1D}
	EndGlobalSection
EndGlobal
